
Microsoft Visual Studio Solution File, Format Version 12.00
# Visual Studio Version 16
VisualStudioVersion = 16.0.30621.155
MinimumVisualStudioVersion = 10.0.40219.1
Project("{FAE04EC0-301F-11D3-BF4B-00C04F79EFBC}") = "WebApplication8", "WebApplication8\WebApplication8.csproj", "{144FC82D-7474-4036-B811-F017F14093FC}"
EndProject
Global
	GlobalSection(SolutionConfigurationPlatforms) = preSolution
		Debug|Any CPU = Debug|Any CPU
		Release|Any CPU = Release|Any CPU
	EndGlobalSection
	GlobalSection(ProjectConfigurationPlatforms) = postSolution
		{144FC82D-7474-4036-B811-F017F14093FC}.Debug|Any CPU.ActiveCfg = Debug|Any CPU
		{144FC82D-7474-4036-B811-F017F14093FC}.Debug|Any CPU.Build.0 = Debug|Any CPU
		{144FC82D-7474-4036-B811-F017F14093FC}.Release|Any CPU.ActiveCfg = Release|Any CPU
		{144FC82D-7474-4036-B811-F017F14093FC}.Release|Any CPU.Build.0 = Release|Any CPU
	EndGlobalSection
	GlobalSection(SolutionProperties) = preSolution
		HideSolutionNode = FALSE
	EndGlobalSection
	GlobalSection(ExtensibilityGlobals) = postSolution
		SolutionGuid = {FAEA06E1-6F29-4408-B58D-1C450D9FA91E}
	EndGlobalSection
EndGlobal
